Microsoft Visual Studio Solution File, Format Version 12.00
# Visual Studio 15
VisualStudioVersion = 15.0.28010.2036
MinimumVisualStudioVersion = 10.0.40219.1
Project("{FAE04EC0-301F-11D3-BF4B-00C04F79EFBC}") = "GeoGo.Android", "GeoGo.Android\GeoGo.Android.csproj", "{FC1967E9-9120-40A1-A54B-4B3D8A03C236}"
EndProject
Project("{FAE04EC0-301F-11D3-BF4B-00C04F79EFBC}") = "GeoGo.iOS", "GeoGo.iOS\GeoGo.iOS.csproj", "{84EE6BAA-8C3C-4E42-9BB7-64A41B77213F}"
EndProject
Project("{FAE04EC0-301F-11D3-BF4B-00C04F79EFBC}") = "GeoGo.UITests", "GeoGo.UITests\GeoGo.UITests.csproj", "{B19C892E-2628-4CA7-AD27-08D406A3B14B}"
EndProject
Project("{9A19103F-16F7-4668-BE54-9A1E7A4F7556}") = "GeoGo", "GeoGo\GeoGo.csproj", "{A1CF59B0-DDAC-44B9-B25C-E8B516B9B00B}"
EndProject
Global
	GlobalSection(SolutionConfigurationPlatforms) = preSolution
		Ad-Hoc|Any CPU = Ad-Hoc|Any CPU
		Ad-Hoc|iPhone = Ad-Hoc|iPhone
		Ad-Hoc|iPhoneSimulator = Ad-Hoc|iPhoneSimulator
		AppStore|Any CPU = AppStore|Any CPU
		AppStore|iPhone = AppStore|iPhone
		AppStore|iPhoneSimulator = AppStore|iPhoneSimulator
		Debug|Any CPU = Debug|Any CPU
		Debug|iPhone = Debug|iPhone
		Debug|iPhoneSimulator = Debug|iPhoneSimulator
		Release|Any CPU = Release|Any CPU
		Release|iPhone = Release|iPhone
		Release|iPhoneSimulator = Release|iPhoneSimulator
	EndGlobalSection
	GlobalSection(ProjectConfigurationPlatforms) = postSolution
		{FC1967E9-9120-40A1-A54B-4B3D8A03C236}.Ad-Hoc|Any CPU.ActiveCfg = Release|Any CPU
		{FC1967E9-9120-40A1-A54B-4B3D8A03C236}.Ad-Hoc|Any CPU.Build.0 = Release|Any CPU
		{FC1967E9-9120-40A1-A54B-4B3D8A03C236}.Ad-Hoc|Any CPU.Deploy.0 = Release|Any CPU
		{FC1967E9-9120-40A1-A54B-4B3D8A03C236}.Ad-Hoc|iPhone.ActiveCfg = Debug|Any CPU
		{FC1967E9-9120-40A1-A54B-4B3D8A03C236}.Ad-Hoc|iPhone.Build.0 = Debug|Any CPU
		{FC1967E9-9120-40A1-A54B-4B3D8A03C236}.Ad-Hoc|iPhoneSimulator.ActiveCfg = Release|Any CPU
		{FC1967E9-9120-40A1-A54B-4B3D8A03C236}.Ad-Hoc|iPhoneSimulator.Build.0 = Release|Any CPU
		{FC1967E9-9120-40A1-A54B-4B3D8A03C236}.Ad-Hoc|iPhoneSimulator.Deploy.0 = Release|Any CPU
		{FC1967E9-9120-40A1-A54B-4B3D8A03C236}.AppStore|Any CPU.ActiveCfg = Release|Any CPU
		{FC1967E9-9120-40A1-A54B-4B3D8A03C236}.AppStore|Any CPU.Build.0 = Release|Any CPU
		{FC1967E9-9120-40A1-A54B-4B3D8A03C236}.AppStore|Any CPU.Deploy.0 = Release|Any CPU
		{FC1967E9-9120-40A1-A54B-4B3D8A03C236}.AppStore|iPhone.ActiveCfg = Debug|Any CPU
		{FC1967E9-9120-40A1-A54B-4B3D8A03C236}.AppStore|iPhone.Build.0 = Debug|Any CPU
		{FC1967E9-9120-40A1-A54B-4B3D8A03C236}.AppStore|iPhoneSimulator.ActiveCfg = Release|Any CPU
		{FC1967E9-9120-40A1-A54B-4B3D8A03C236}.AppStore|iPhoneSimulator.Build.0 = Release|Any CPU
		{FC1967E9-9120-40A1-A54B-4B3D8A03C236}.AppStore|iPhoneSimulator.Deploy.0 = Release|Any CPU
		{FC1967E9-9120-40A1-A54B-4B3D8A03C236}.Debug|Any CPU.ActiveCfg = Debug|Any CPU
		{FC1967E9-9120-40A1-A54B-4B3D8A03C236}.Debug|Any CPU.Build.0 = Debug|Any CPU
		{FC1967E9-9120-40A1-A54B-4B3D8A03C236}.Debug|Any CPU.Deploy.0 = Debug|Any CPU
		{FC1967E9-9120-40A1-A54B-4B3D8A03C236}.Debug|iPhone.ActiveCfg = Debug|Any CPU
		{FC1967E9-9120-40A1-A54B-4B3D8A03C236}.Debug|iPhone.Build.0 = Debug|Any CPU
		{FC1967E9-9120-40A1-A54B-4B3D8A03C236}.Debug|iPhoneSimulator.ActiveCfg = Debug|Any CPU
		{FC1967E9-9120-40A1-A54B-4B3D8A03C236}.Debug|iPhoneSimulator.Build.0 = Debug|Any CPU
		{FC1967E9-9120-40A1-A54B-4B3D8A03C236}.Release|Any CPU.ActiveCfg = Release|Any CPU
		{FC1967E9-9120-40A1-A54B-4B3D8A03C236}.Release|Any CPU.Build.0 = Release|Any CPU
		{FC1967E9-9120-40A1-A54B-4B3D8A03C236}.Release|Any CPU.Deploy.0 = Release|Any CPU
		{FC1967E9-9120-40A1-A54B-4B3D8A03C236}.Release|iPhone.ActiveCfg = Release|Any CPU
		{FC1967E9-9120-40A1-A54B-4B3D8A03C236}.Release|iPhone.Build.0 = Release|Any CPU
		{FC1967E9-9120-40A1-A54B-4B3D8A03C236}.Release|iPhoneSimulator.ActiveCfg = Release|Any CPU
		{FC1967E9-9120-40A1-A54B-4B3D8A03C236}.Release|iPhoneSimulator.Build.0 = Release|Any CPU
		{84EE6BAA-8C3C-4E42-9BB7-64A41B77213F}.Ad-Hoc|Any CPU.ActiveCfg = Ad-Hoc|iPhoneSimulator
		{84EE6BAA-8C3C-4E42-9BB7-64A41B77213F}.Ad-Hoc|iPhone.ActiveCfg = Ad-Hoc|iPhone
		{84EE6BAA-8C3C-4E42-9BB7-64A41B77213F}.Ad-Hoc|iPhone.Build.0 = Ad-Hoc|iPhone
		{84EE6BAA-8C3C-4E42-9BB7-64A41B77213F}.Ad-Hoc|iPhoneSimulator.ActiveCfg = Ad-Hoc|iPhoneSimulator
		{84EE6BAA-8C3C-4E42-9BB7-64A41B77213F}.Ad-Hoc|iPhoneSimulator.Build.0 = Ad-Hoc|iPhoneSimulator
		{84EE6BAA-8C3C-4E42-9BB7-64A41B77213F}.AppStore|Any CPU.ActiveCfg = AppStore|iPhoneSimulator
		{84EE6BAA-8C3C-4E42-9BB7-64A41B77213F}.AppStore|iPhone.ActiveCfg = AppStore|iPhone
		{84EE6BAA-8C3C-4E42-9BB7-64A41B77213F}.AppStore|iPhone.Build.0 = AppStore|iPhone
		{84EE6BAA-8C3C-4E42-9BB7-64A41B77213F}.AppStore|iPhoneSimulator.ActiveCfg = AppStore|iPhoneSimulator
		{84EE6BAA-8C3C-4E42-9BB7-64A41B77213F}.AppStore|iPhoneSimulator.Build.0 = AppStore|iPhoneSimulator
		{84EE6BAA-8C3C-4E42-9BB7-64A41B77213F}.Debug|Any CPU.ActiveCfg = Debug|iPhoneSimulator
		{84EE6BAA-8C3C-4E42-9BB7-64A41B77213F}.Debug|Any CPU.Build.0 = Debug|iPhoneSimulator
		{84EE6BAA-8C3C-4E42-9BB7-64A41B77213F}.Debug|iPhone.ActiveCfg = Debug|iPhone
		{84EE6BAA-8C3C-4E42-9BB7-64A41B77213F}.Debug|iPhone.Build.0 = Debug|iPhone
		{84EE6BAA-8C3C-4E42-9BB7-64A41B77213F}.Debug|iPhoneSimulator.ActiveCfg = Debug|iPhoneSimulator
		{84EE6BAA-8C3C-4E42-9BB7-64A41B77213F}.Debug|iPhoneSimulator.Build.0 = Debug|iPhoneSimulator
		{84EE6BAA-8C3C-4E42-9BB7-64A41B77213F}.Release|Any CPU.ActiveCfg = Release|iPhoneSimulator
		{84EE6BAA-8C3C-4E42-9BB7-64A41B77213F}.Release|Any CPU.Build.0 = Release|iPhoneSimulator
		{84EE6BAA-8C3C-4E42-9BB7-64A41B77213F}.Release|iPhone.ActiveCfg = Release|iPhone
		{84EE6BAA-8C3C-4E42-9BB7-64A41B77213F}.Release|iPhone.Build.0 = Release|iPhone
		{84EE6BAA-8C3C-4E42-9BB7-64A41B77213F}.Release|iPhoneSimulator.ActiveCfg = Release|iPhoneSimulator
		{84EE6BAA-8C3C-4E42-9BB7-64A41B77213F}.Release|iPhoneSimulator.Build.0 = Release|iPhoneSimulator
		{B19C892E-2628-4CA7-AD27-08D406A3B14B}.Ad-Hoc|Any CPU.ActiveCfg = Release|Any CPU
		{B19C892E-2628-4CA7-AD27-08D406A3B14B}.Ad-Hoc|Any CPU.Build.0 = Release|Any CPU
		{B19C892E-2628-4CA7-AD27-08D406A3B14B}.Ad-Hoc|iPhone.ActiveCfg = Debug|Any CPU
		{B19C892E-2628-4CA7-AD27-08D406A3B14B}.Ad-Hoc|iPhone.Build.0 = Debug|Any CPU
		{B19C892E-2628-4CA7-AD27-08D406A3B14B}.Ad-Hoc|iPhoneSimulator.ActiveCfg = Release|Any CPU
		{B19C892E-2628-4CA7-AD27-08D406A3B14B}.Ad-Hoc|iPhoneSimulator.Build.0 = Release|Any CPU
		{B19C892E-2628-4CA7-AD27-08D406A3B14B}.AppStore|Any CPU.ActiveCfg = Release|Any CPU
		{B19C892E-2628-4CA7-AD27-08D406A3B14B}.AppStore|Any CPU.Build.0 = Release|Any CPU
		{B19C892E-2628-4CA7-AD27-08D406A3B14B}.AppStore|iPhone.ActiveCfg = Debug|Any CPU
		{B19C892E-2628-4CA7-AD27-08D406A3B14B}.AppStore|iPhone.Build.0 = Debug|Any CPU
		{B19C892E-2628-4CA7-AD27-08D406A3B14B}.AppStore|iPhoneSimulator.ActiveCfg = Release|Any CPU
		{B19C892E-2628-4CA7-AD27-08D406A3B14B}.AppStore|iPhoneSimulator.Build.0 = Release|Any CPU
		{B19C892E-2628-4CA7-AD27-08D406A3B14B}.Debug|Any CPU.ActiveCfg = Debug|Any CPU
		{B19C892E-2628-4CA7-AD27-08D406A3B14B}.Debug|Any CPU.Build.0 = Debug|Any CPU
		{B19C892E-2628-4CA7-AD27-08D406A3B14B}.Debug|iPhone.ActiveCfg = Debug|Any CPU
		{B19C892E-2628-4CA7-AD27-08D406A3B14B}.Debug|iPhone.Build.0 = Debug|Any CPU
		{B19C892E-2628-4CA7-AD27-08D406A3B14B}.Debug|iPhoneSimulator.ActiveCfg = Debug|Any CPU
		{B19C892E-2628-4CA7-AD27-08D406A3B14B}.Debug|iPhoneSimulator.Build.0 = Debug|Any CPU
		{B19C892E-2628-4CA7-AD27-08D406A3B14B}.Release|Any CPU.ActiveCfg = Release|Any CPU
		{B19C892E-2628-4CA7-AD27-08D406A3B14B}.Release|Any CPU.Build.0 = Release|Any CPU
		{B19C892E-2628-4CA7-AD27-08D406A3B14B}.Release|iPhone.ActiveCfg = Release|Any CPU
		{B19C892E-2628-4CA7-AD27-08D406A3B14B}.Release|iPhone.Build.0 = Release|Any CPU
		{B19C892E-2628-4CA7-AD27-08D406A3B14B}.Release|iPhoneSimulator.ActiveCfg = Release|Any CPU
		{B19C892E-2628-4CA7-AD27-08D406A3B14B}.Release|iPhoneSimulator.Build.0 = Release|Any CPU
		{A1CF59B0-DDAC-44B9-B25C-E8B516B9B00B}.Ad-Hoc|Any CPU.ActiveCfg = Release|Any CPU
		{A1CF59B0-DDAC-44B9-B25C-E8B516B9B00B}.Ad-Hoc|Any CPU.Build.0 = Release|Any CPU
		{A1CF59B0-DDAC-44B9-B25C-E8B516B9B00B}.Ad-Hoc|iPhone.ActiveCfg = Debug|Any CPU
		{A1CF59B0-DDAC-44B9-B25C-E8B516B9B00B}.Ad-Hoc|iPhone.Build.0 = Debug|Any CPU
		{A1CF59B0-DDAC-44B9-B25C-E8B516B9B00B}.Ad-Hoc|iPhoneSimulator.ActiveCfg = Release|Any CPU
		{A1CF59B0-DDAC-44B9-B25C-E8B516B9B00B}.Ad-Hoc|iPhoneSimulator.Build.0 = Release|Any CPU
		{A1CF59B0-DDAC-44B9-B25C-E8B516B9B00B}.AppStore|Any CPU.ActiveCfg = Release|Any CPU
		{A1CF59B0-DDAC-44B9-B25C-E8B516B9B00B}.AppStore|Any CPU.Build.0 = Release|Any CPU
		{A1CF59B0-DDAC-44B9-B25C-E8B516B9B00B}.AppStore|iPhone.ActiveCfg = Debug|Any CPU
		{A1CF59B0-DDAC-44B9-B25C-E8B516B9B00B}.AppStore|iPhone.Build.0 = Debug|Any CPU
		{A1CF59B0-DDAC-44B9-B25C-E8B516B9B00B}.AppStore|iPhoneSimulator.ActiveCfg = Release|Any CPU
		{A1CF59B0-DDAC-44B9-B25C-E8B516B9B00B}.AppStore|iPhoneSimulator.Build.0 = Release|Any CPU
		{A1CF59B0-DDAC-44B9-B25C-E8B516B9B00B}.Debug|Any CPU.ActiveCfg = Debug|Any CPU
		{A1CF59B0-DDAC-44B9-B25C-E8B516B9B00B}.Debug|Any CPU.Build.0 = Debug|Any CPU
		{A1CF59B0-DDAC-44B9-B25C-E8B516B9B00B}.Debug|iPhone.ActiveCfg = Debug|Any CPU
		{A1CF59B0-DDAC-44B9-B25C-E8B516B9B00B}.Debug|iPhone.Build.0 = Debug|Any CPU
		{A1CF59B0-DDAC-44B9-B25C-E8B516B9B00B}.Debug|iPhoneSimulator.ActiveCfg = Debug|Any CPU
		{A1CF59B0-DDAC-44B9-B25C-E8B516B9B00B}.Debug|iPhoneSimulator.Build.0 = Debug|Any CPU
		{A1CF59B0-DDAC-44B9-B25C-E8B516B9B00B}.Release|Any CPU.ActiveCfg = Release|Any CPU
		{A1CF59B0-DDAC-44B9-B25C-E8B516B9B00B}.Release|Any CPU.Build.0 = Release|Any CPU
		{A1CF59B0-DDAC-44B9-B25C-E8B516B9B00B}.Release|iPhone.ActiveCfg = Release|Any CPU
		{A1CF59B0-DDAC-44B9-B25C-E8B516B9B00B}.Release|iPhone.Build.0 = Release|Any CPU
		{A1CF59B0-DDAC-44B9-B25C-E8B516B9B00B}.Release|iPhoneSimulator.ActiveCfg = Release|Any CPU
		{A1CF59B0-DDAC-44B9-B25C-E8B516B9B00B}.Release|iPhoneSimulator.Build.0 = Release|Any CPU
	EndGlobalSection
	GlobalSection(SolutionProperties) = preSolution
		HideSolutionNode = FALSE
	EndGlobalSection
	GlobalSection(ExtensibilityGlobals) = postSolution
		SolutionGuid = {58D753C5-E018-45AC-9DA4-AE4C61895EB8}
	EndGlobalSection
EndGlobal
